
Microsoft Visual Studio Solution File, Format Version 12.00
# Visual Studio Version 16
VisualStudioVersion = 16.0.30406.217
MinimumVisualStudioVersion = 10.0.40219.1
Project("{FAE04EC0-301F-11D3-BF4B-00C04F79EFBC}") = "PerpustakaanAppMVC4.6.1", "PerpustakaanAppMVC4.6.1\PerpustakaanAppMVC4.6.1.csproj", "{47A2FD20-5DFD-45FE-BE7E-CD6465568041}"
EndProject
Global
	GlobalSection(SolutionConfigurationPlatforms) = preSolution
		Debug|Any CPU = Debug|Any CPU
		Release|Any CPU = Release|Any CPU
	EndGlobalSection
	GlobalSection(ProjectConfigurationPlatforms) = postSolution
		{47A2FD20-5DFD-45FE-BE7E-CD6465568041}.Debug|Any CPU.ActiveCfg = Debug|Any CPU
		{47A2FD20-5DFD-45FE-BE7E-CD6465568041}.Debug|Any CPU.Build.0 = Debug|Any CPU
		{47A2FD20-5DFD-45FE-BE7E-CD6465568041}.Release|Any CPU.ActiveCfg = Release|Any CPU
		{47A2FD20-5DFD-45FE-BE7E-CD6465568041}.Release|Any CPU.Build.0 = Release|Any CPU
	EndGlobalSection
	GlobalSection(SolutionProperties) = preSolution
		HideSolutionNode = FALSE
	EndGlobalSection
	GlobalSection(ExtensibilityGlobals) = postSolution
		SolutionGuid = {BB3A1C77-481D-4EF6-BD88-E25EEEB9361B}
	EndGlobalSection
EndGlobal
